// !$*UTF8*$!
{
	archiveVersion = 1;
	classes = {
	};
	objectVersion = 48;
	objects = {

/* Begin PBXBuildFile section */
		324807C220AC1D51009359E9 /* AppDelegate.swift in Sources */ = {isa = PBXBuildFile; fileRef = 324807C120AC1D51009359E9 /* AppDelegate.swift */; };
		324807C920AC1D52009359E9 /* Assets.xcassets in Resources */ = {isa = PBXBuildFile; fileRef = 324807C820AC1D52009359E9 /* Assets.xcassets */; };
		324807CC20AC1D52009359E9 /* LaunchScreen.storyboard in Resources */ = {isa = PBXBuildFile; fileRef = 324807CA20AC1D52009359E9 /* LaunchScreen.storyboard */; };
		D140777C88792EB9EDA735FF /* Pods_DemoSpecList.framework in Frameworks */ = {isa = PBXBuildFile; fileRef = 707E17B0C4C02819E1AA2660 /* Pods_DemoSpecList.framework */; };
/* End PBXBuildFile section */

/* Begin PBXFileReference section */
		264833B588E8BB50B01ED338 /* Pods-DemoSpecList.debug.xcconfig */ = {isa = PBXFileReference; includeInIndex = 1; lastKnownFileType = text.xcconfig; name = "Pods-DemoSpecList.debug.xcconfig"; path = "Pods/Target Support Files/Pods-DemoSpecList/Pods-DemoSpecList.debug.xcconfig"; sourceTree = "<group>"; };
		324807BE20AC1D51009359E9 /* DemoSpecList.app */ = {isa = PBXFileReference; explicitFileType = wrapper.application; includeInIndex = 0; path = DemoSpecList.app; sourceTree = BUILT_PRODUCTS_DIR; };
		324807C120AC1D51009359E9 /* AppDelegate.swift */ = {isa = PBXFileReference; lastKnownFileType = sourcecode.swift; path = AppDelegate.swift; sourceTree = "<group>"; };
		324807C820AC1D52009359E9 /* Assets.xcassets */ = {isa = PBXFileReference; lastKnownFileType = folder.assetcatalog; path = Assets.xcassets; sourceTree = "<group>"; };
		324807CB20AC1D52009359E9 /* Base */ = {isa = PBXFileReference; lastKnownFileType = file.storyboard; name = Base; path = Base.lproj/LaunchScreen.storyboard; sourceTree = "<group>"; };
		324807CD20AC1D52009359E9 /* Info.plist */ = {isa = PBXFileReference; lastKnownFileType = text.plist.xml; path = Info.plist; sourceTree = "<group>"; };
		43F63D8C4023189AF8505BFD /* Pods-DemoSpecList.release.xcconfig */ = {isa = PBXFileReference; includeInIndex = 1; lastKnownFileType = text.xcconfig; name = "Pods-DemoSpecList.release.xcconfig"; path = "Pods/Target Support Files/Pods-DemoSpecList/Pods-DemoSpecList.release.xcconfig"; sourceTree = "<group>"; };
		707E17B0C4C02819E1AA2660 /* Pods_DemoSpecList.framework */ = {isa = PBXFileReference; explicitFileType = wrapper.framework; includeInIndex = 0; path = Pods_DemoSpecList.framework; sourceTree = BUILT_PRODUCTS_DIR; };
/* End PBXFileReference section */

/* Begin PBXFrameworksBuildPhase section */
		324807BB20AC1D51009359E9 /* Frameworks */ = {
			isa = PBXFrameworksBuildPhase;
			buildActionMask = 2147483647;
			files = (
				D140777C88792EB9EDA735FF /* Pods_DemoSpecList.framework in Frameworks */,
			);
			runOnlyForDeploymentPostprocessing = 0;
		};
/* End PBXFrameworksBuildPhase section */

/* Begin PBXGroup section */
		0C7A9110ACE7429E8DC9EB1F /* Frameworks */ = {
			isa = PBXGroup;
			children = (
				707E17B0C4C02819E1AA2660 /* Pods_DemoSpecList.framework */,
			);
			name = Frameworks;
			sourceTree = "<group>";
		};
		324807B520AC1D51009359E9 = {
			isa = PBXGroup;
			children = (
				324807C020AC1D51009359E9 /* DemoSpecList */,
				324807BF20AC1D51009359E9 /* Products */,
				B51CD79EC69954F1C4BF7C11 /* Pods */,
				0C7A9110ACE7429E8DC9EB1F /* Frameworks */,
			);
			sourceTree = "<group>";
		};
		324807BF20AC1D51009359E9 /* Products */ = {
			isa = PBXGroup;
			children = (
				324807BE20AC1D51009359E9 /* DemoSpecList.app */,
			);
			name = Products;
			sourceTree = "<group>";
		};
		324807C020AC1D51009359E9 /* DemoSpecList */ = {
			isa = PBXGroup;
			children = (
				324807C120AC1D51009359E9 /* AppDelegate.swift */,
				324807C820AC1D52009359E9 /* Assets.xcassets */,
				324807CA20AC1D52009359E9 /* LaunchScreen.storyboard */,
				324807CD20AC1D52009359E9 /* Info.plist */,
			);
			path = DemoSpecList;
			sourceTree = "<group>";
		};
		B51CD79EC69954F1C4BF7C11 /* Pods */ = {
			isa = PBXGroup;
			children = (
				264833B588E8BB50B01ED338 /* Pods-DemoSpecList.debug.xcconfig */,
				43F63D8C4023189AF8505BFD /* Pods-DemoSpecList.release.xcconfig */,
			);
			name = Pods;
			sourceTree = "<group>";
		};
/* End PBXGroup section */

/* Begin PBXNativeTarget section */
		324807BD20AC1D51009359E9 /* DemoSpecList */ = {
			isa = PBXNativeTarget;
			buildConfigurationList = 324807D020AC1D52009359E9 /* Build configuration list for PBXNativeTarget "DemoSpecList" */;
			buildPhases = (
				2D83FD5A348B14B36F7DAF50 /* [CP] Check Pods Manifest.lock */,
				324807BA20AC1D51009359E9 /* Sources */,
				324807BB20AC1D51009359E9 /* Frameworks */,
				324807BC20AC1D51009359E9 /* Resources */,
				F651EB08DD93F4475FDA6FEC /* [CP] Embed Pods Frameworks */,
			);
			buildRules = (
			);
			dependencies = (
			);
			name = DemoSpecList;
			productName = DemoSpecList;
			productReference = 324807BE20AC1D51009359E9 /* DemoSpecList.app */;
			productType = "com.apple.product-type.application";
		};
/* End PBXNativeTarget section */

/* Begin PBXProject section */
		324807B620AC1D51009359E9 /* Project object */ = {
			isa = PBXProject;
			attributes = {
				LastSwiftUpdateCheck = 0920;
				LastUpgradeCheck = 0920;
				ORGANIZATIONNAME = "Dmitrii Trofimov";
				TargetAttributes = {
					324807BD20AC1D51009359E9 = {
						CreatedOnToolsVersion = 9.2;
						ProvisioningStyle = Manual;
					};
				};
			};
			buildConfigurationList = 324807B920AC1D51009359E9 /* Build configuration list for PBXProject "DemoSpecList" */;
			compatibilityVersion = "Xcode 8.0";
			developmentRegion = en;
			hasScannedForEncodings = 0;
			knownRegions = (
				en,
				Base,
			);
			mainGroup = 324807B520AC1D51009359E9;
			productRefGroup = 324807BF20AC1D51009359E9 /* Products */;
			projectDirPath = "";
			projectRoot = "";
			targets = (
				324807BD20AC1D51009359E9 /* DemoSpecList */,
			);
		};
/* End PBXProject section */

/* Begin PBXResourcesBuildPhase section */
		324807BC20AC1D51009359E9 /* Resources */ = {
			isa = PBXResourcesBuildPhase;
			buildActionMask = 2147483647;
			files = (
				324807CC20AC1D52009359E9 /* LaunchScreen.storyboard in Resources */,
				324807C920AC1D52009359E9 /* Assets.xcassets in Resources */,
			);
			runOnlyForDeploymentPostprocessing = 0;
		};
/* End PBXResourcesBuildPhase section */

/* Begin PBXShellScriptBuildPhase section */
		2D83FD5A348B14B36F7DAF50 /* [CP] Check Pods Manifest.lock */ = {
			isa = PBXShellScriptBuildPhase;
			buildActionMask = 2147483647;
			files = (
			);
			inputPaths = (
				"${PODS_PODFILE_DIR_PATH}/Podfile.lock",
				"${PODS_ROOT}/Manifest.lock",
			);
			name = "[CP] Check Pods Manifest.lock";
			outputPaths = (
				"$(DERIVED_FILE_DIR)/Pods-DemoSpecList-checkManifestLockResult.txt",
			);
			runOnlyForDeploymentPostprocessing = 0;
			shellPath = /bin/sh;
			shellScript = "diff \"${PODS_PODFILE_DIR_PATH}/Podfile.lock\" \"${PODS_ROOT}/Manifest.lock\" > /dev/null\nif [ $? != 0 ] ; then\n    # print error to STDERR\n    echo \"error: The sandbox is not in sync with the Podfile.lock. Run 'pod install' or update your CocoaPods installation.\" >&2\n    exit 1\nfi\n# This output is used by Xcode 'outputs' to avoid re-running this script phase.\necho \"SUCCESS\" > \"${SCRIPT_OUTPUT_FILE_0}\"\n";
			showEnvVarsInLog = 0;
		};
		F651EB08DD93F4475FDA6FEC /* [CP] Embed Pods Frameworks */ = {
			isa = PBXShellScriptBuildPhase;
			buildActionMask = 2147483647;
			files = (
			);
			inputPaths = (
				"${SRCROOT}/Pods/Target Support Files/Pods-DemoSpecList/Pods-DemoSpecList-frameworks.sh",
				"${BUILT_PRODUCTS_DIR}/Alamofire/Alamofire.framework",
			);
			name = "[CP] Embed Pods Frameworks";
			outputPaths = (
				"${TARGET_BUILD_DIR}/${FRAMEWORKS_FOLDER_PATH}/Alamofire.framework",
			);
			runOnlyForDeploymentPostprocessing = 0;
			shellPath = /bin/sh;
			shellScript = "\"${SRCROOT}/Pods/Target Support Files/Pods-DemoSpecList/Pods-DemoSpecList-frameworks.sh\"\n";
			showEnvVarsInLog = 0;
		};
/* End PBXShellScriptBuildPhase section */

/* Begin PBXSourcesBuildPhase section */
		324807BA20AC1D51009359E9 /* Sources */ = {
			isa = PBXSourcesBuildPhase;
			buildActionMask = 2147483647;
			files = (
				324807C220AC1D51009359E9 /* AppDelegate.swift in Sources */,
			);
			runOnlyForDeploymentPostprocessing = 0;
		};
/* End PBXSourcesBuildPhase section */

/* Begin PBXVariantGroup section */
		324807CA20AC1D52009359E9 /* LaunchScreen.storyboard */ = {
			isa = PBXVariantGroup;
			children = (
				324807CB20AC1D52009359E9 /* Base */,
			);
			name = LaunchScreen.storyboard;
			sourceTree = "<group>";
		};
/* End PBXVariantGroup section */

/* Begin XCBuildConfiguration section */
		324807CE20AC1D52009359E9 /* Debug */ = {
			isa = XCBuildConfiguration;
			buildSettings = {
				ALWAYS_SEARCH_USER_PATHS = NO;
				CLANG_ANALYZER_NONNULL = YES;
				CLANG_ANALYZER_NUMBER_OBJECT_CONVERSION = YES_AGGRESSIVE;
				CLANG_CXX_LANGUAGE_STANDARD = "gnu++14";
				CLANG_CXX_LIBRARY = "libc++";
				CLANG_ENABLE_MODULES = YES;
				CLANG_ENABLE_OBJC_ARC = YES;
				CLANG_WARN_BLOCK_CAPTURE_AUTORELEASING = YES;
				CLANG_WARN_BOOL_CONVERSION = YES;
				CLANG_WARN_COMMA = YES;
				CLANG_WARN_CONSTANT_CONVERSION = YES;
				CLANG_WARN_DIRECT_OBJC_ISA_USAGE = YES_ERROR;
				CLANG_WARN_DOCUMENTATION_COMMENTS = YES;
				CLANG_WARN_EMPTY_BODY = YES;
				CLANG_WARN_ENUM_CONVERSION = YES;
				CLANG_WARN_INFINITE_RECURSION = YES;
				CLANG_WARN_INT_CONVERSION = YES;
				CLANG_WARN_NON_LITERAL_NULL_CONVERSION = YES;
				CLANG_WARN_OBJC_LITERAL_CONVERSION = YES;
				CLANG_WARN_OBJC_ROOT_CLASS = YES_ERROR;
				CLANG_WARN_RANGE_LOOP_ANALYSIS = YES;
				CLANG_WARN_STRICT_PROTOTYPES = YES;
				CLANG_WARN_SUSPICIOUS_MOVE = YES;
				CLANG_WARN_UNGUARDED_AVAILABILITY = YES_AGGRESSIVE;
				CLANG_WARN_UNREACHABLE_CODE = YES;
				CLANG_WARN__DUPLICATE_METHOD_MATCH = YES;
				CODE_SIGN_IDENTITY = "iPhone Developer";
				COPY_PHASE_STRIP = NO;
				DEBUG_INFORMATION_FORMAT = dwarf;
				ENABLE_STRICT_OBJC_MSGSEND = YES;
				ENABLE_TESTABILITY = YES;
				GCC_C_LANGUAGE_STANDARD = gnu11;
				GCC_DYNAMIC_NO_PIC = NO;
				GCC_NO_COMMON_BLOCKS = YES;
				GCC_OPTIMIZATION_LEVEL = 0;
				GCC_PREPROCESSOR_DEFINITIONS = (
					"DEBUG=1",
					"$(inherited)",
				);
				GCC_WARN_64_TO_32_BIT_CONVERSION = YES;
				GCC_WARN_ABOUT_RETURN_TYPE = YES_ERROR;
				GCC_WARN_UNDECLARED_SELECTOR = YES;
				GCC_WARN_UNINITIALIZED_AUTOS = YES_AGGRESSIVE;
				GCC_WARN_UNUSED_FUNCTION = YES;
				GCC_WARN_UNUSED_VARIABLE = YES;
				IPHONEOS_DEPLOYMENT_TARGET = 10.0;
				MTL_ENABLE_DEBUG_INFO = YES;
				ONLY_ACTIVE_ARCH = YES;
				SDKROOT = iphoneos;
				SWIFT_ACTIVE_COMPILATION_CONDITIONS = DEBUG;
				SWIFT_OPTIMIZATION_LEVEL = "-Onone";
			};
			name = Debug;
		};
		324807CF20AC1D52009359E9 /* Release */ = {
			isa = XCBuildConfiguration;
			buildSettings = {
				ALWAYS_SEARCH_USER_PATHS = NO;
				CLANG_ANALYZER_NONNULL = YES;
				CLANG_ANALYZER_NUMBER_OBJECT_CONVERSION = YES_AGGRESSIVE;
				CLANG_CXX_LANGUAGE_STANDARD = "gnu++14";
				CLANG_CXX_LIBRARY = "libc++";
				CLANG_ENABLE_MODULES = YES;
				CLANG_ENABLE_OBJC_ARC = YES;
				CLANG_WARN_BLOCK_CAPTURE_AUTORELEASING = YES;
				CLANG_WARN_BOOL_CONVERSION = YES;
				CLANG_WARN_COMMA = YES;
				CLANG_WARN_CONSTANT_CONVERSION = YES;
				CLANG_WARN_DIRECT_OBJC_ISA_USAGE = YES_ERROR;
				CLANG_WARN_DOCUMENTATION_COMMENTS = YES;
				CLANG_WARN_EMPTY_BODY = YES;
				CLANG_WARN_ENUM_CONVERSION = YES;
				CLANG_WARN_INFINITE_RECURSION = YES;
				CLANG_WARN_INT_CONVERSION = YES;
				CLANG_WARN_NON_LITERAL_NULL_CONVERSION = YES;
				CLANG_WARN_OBJC_LITERAL_CONVERSION = YES;
				CLANG_WARN_OBJC_ROOT_CLASS = YES_ERROR;
				CLANG_WARN_RANGE_LOOP_ANALYSIS = YES;
				CLANG_WARN_STRICT_PROTOTYPES = YES;
				CLANG_WARN_SUSPICIOUS_MOVE = YES;
				CLANG_WARN_UNGUARDED_AVAILABILITY = YES_AGGRESSIVE;
				CLANG_WARN_UNREACHABLE_CODE = YES;
				CLANG_WARN__DUPLICATE_METHOD_MATCH = YES;
				CODE_SIGN_IDENTITY = "iPhone Developer";
				COPY_PHASE_STRIP = NO;
				DEBUG_INFORMATION_FORMAT = "dwarf-with-dsym";
				ENABLE_NS_ASSERTIONS = NO;
				ENABLE_STRICT_OBJC_MSGSEND = YES;
				GCC_C_LANGUAGE_STANDARD = gnu11;
				GCC_NO_COMMON_BLOCKS = YES;
				GCC_WARN_64_TO_32_BIT_CONVERSION = YES;
				GCC_WARN_ABOUT_RETURN_TYPE = YES_ERROR;
				GCC_WARN_UNDECLARED_SELECTOR = YES;
				GCC_WARN_UNINITIALIZED_AUTOS = YES_AGGRESSIVE;
				GCC_WARN_UNUSED_FUNCTION = YES;
				GCC_WARN_UNUSED_VARIABLE = YES;
				IPHONEOS_DEPLOYMENT_TARGET = 10.0;
				MTL_ENABLE_DEBUG_INFO = NO;
				SDKROOT = iphoneos;
				SWIFT_OPTIMIZATION_LEVEL = "-Owholemodule";
				VALIDATE_PRODUCT = YES;
			};
			name = Release;
		};
		324807D120AC1D52009359E9 /* Debug */ = {
			isa = XCBuildConfiguration;
			baseConfigurationReference = 264833B588E8BB50B01ED338 /* Pods-DemoSpecList.debug.xcconfig */;
			buildSettings = {
				ASSETCATALOG_COMPILER_APPICON_NAME = AppIcon;
				CODE_SIGN_STYLE = Manual;
				DEVELOPMENT_TEAM = "";
				INFOPLIST_FILE = DemoSpecList/Info.plist;
				LD_RUNPATH_SEARCH_PATHS = "$(inherited) @executable_path/Frameworks";
				PRODUCT_BUNDLE_IDENTIFIER = com.dmitriitrofimov.DemoSpecList;
				PRODUCT_NAME = "$(TARGET_NAME)";
				PROVISIONING_PROFILE_SPECIFIER = "";
				SWIFT_VERSION = 4.0;
				TARGETED_DEVICE_FAMILY = "1,2";
			};
			name = Debug;
		};
		324807D220AC1D52009359E9 /* Release */ = {
			isa = XCBuildConfiguration;
			baseConfigurationReference = 43F63D8C4023189AF8505BFD /* Pods-DemoSpecList.release.xcconfig */;
			buildSettings = {
				ASSETCATALOG_COMPILER_APPICON_NAME = AppIcon;
				CODE_SIGN_STYLE = Manual;
				DEVELOPMENT_TEAM = "";
				INFOPLIST_FILE = DemoSpecList/Info.plist;
				LD_RUNPATH_SEARCH_PATHS = "$(inherited) @executable_path/Frameworks";
				PRODUCT_BUNDLE_IDENTIFIER = com.dmitriitrofimov.DemoSpecList;
				PRODUCT_NAME = "$(TARGET_NAME)";
				PROVISIONING_PROFILE_SPECIFIER = "";
				SWIFT_VERSION = 4.0;
				TARGETED_DEVICE_FAMILY = "1,2";
			};
			name = Release;
		};
/* End XCBuildConfiguration section */

/* Begin XCConfigurationList section */
		324807B920AC1D51009359E9 /* Build configuration list for PBXProject "DemoSpecList" */ = {
			isa = XCConfigurationList;
			buildConfigurations = (
				324807CE20AC1D52009359E9 /* Debug */,
				324807CF20AC1D52009359E9 /* Release */,
			);
			defaultConfigurationIsVisible = 0;
			defaultConfigurationName = Release;
		};
		324807D020AC1D52009359E9 /* Build configuration list for PBXNativeTarget "DemoSpecList" */ = {
			isa = XCConfigurationList;
			buildConfigurations = (
				324807D120AC1D52009359E9 /* Debug */,
				324807D220AC1D52009359E9 /* Release */,
			);
			defaultConfigurationIsVisible = 0;
			defaultConfigurationName = Release;
		};
/* End XCConfigurationList section */
	};
	rootObject = 324807B620AC1D51009359E9 /* Project object */;
}
